
Microsoft Visual Studio Solution File, Format Version 12.00
# Visual Studio Version 16
VisualStudioVersion = 16.0.31624.102
MinimumVisualStudioVersion = 10.0.40219.1
Project("{FAE04EC0-301F-11D3-BF4B-00C04F79EFBC}") = "WPF lab 2", "WPF lab 2\WPF lab 2.csproj", "{98A4153A-E7A5-4BF7-A83A-13C4486704E0}"
EndProject
Project("{FAE04EC0-301F-11D3-BF4B-00C04F79EFBC}") = "WPF lab 2Tests1", "WPF lab 2Tests1\WPF lab 2Tests1.csproj", "{7A7E4FAC-EF0A-4E3B-BCFB-73531DAFAB74}"
EndProject
Global
	GlobalSection(SolutionConfigurationPlatforms) = preSolution
		Debug|Any CPU = Debug|Any CPU
		Release|Any CPU = Release|Any CPU
	EndGlobalSection
	GlobalSection(ProjectConfigurationPlatforms) = postSolution
		{98A4153A-E7A5-4BF7-A83A-13C4486704E0}.Debug|Any CPU.ActiveCfg = Debug|Any CPU
		{98A4153A-E7A5-4BF7-A83A-13C4486704E0}.Debug|Any CPU.Build.0 = Debug|Any CPU
		{98A4153A-E7A5-4BF7-A83A-13C4486704E0}.Release|Any CPU.ActiveCfg = Release|Any CPU
		{98A4153A-E7A5-4BF7-A83A-13C4486704E0}.Release|Any CPU.Build.0 = Release|Any CPU
		{7A7E4FAC-EF0A-4E3B-BCFB-73531DAFAB74}.Debug|Any CPU.ActiveCfg = Debug|Any CPU
		{7A7E4FAC-EF0A-4E3B-BCFB-73531DAFAB74}.Debug|Any CPU.Build.0 = Debug|Any CPU
		{7A7E4FAC-EF0A-4E3B-BCFB-73531DAFAB74}.Release|Any CPU.ActiveCfg = Release|Any CPU
		{7A7E4FAC-EF0A-4E3B-BCFB-73531DAFAB74}.Release|Any CPU.Build.0 = Release|Any CPU
	EndGlobalSection
	GlobalSection(SolutionProperties) = preSolution
		HideSolutionNode = FALSE
	EndGlobalSection
	GlobalSection(ExtensibilityGlobals) = postSolution
		SolutionGuid = {95EE8434-4CC2-4D56-8860-1869359B756D}
	EndGlobalSection
EndGlobal
